// !$*UTF8*$!
{
	archiveVersion = 1;
	classes = {
	};
	objectVersion = 50;
	objects = {

/* Begin PBXBuildFile section */
		9543C0E12268F0290057DE3A /* ForgotPasswordViewController.swift in Sources */ = {isa = PBXBuildFile; fileRef = 9543C0E02268F0290057DE3A /* ForgotPasswordViewController.swift */; };
		9543C0E32268F07F0057DE3A /* SignupViewController.swift in Sources */ = {isa = PBXBuildFile; fileRef = 9543C0E22268F07F0057DE3A /* SignupViewController.swift */; };
		9543C0E52268F0B60057DE3A /* ProfileViewController.swift in Sources */ = {isa = PBXBuildFile; fileRef = 9543C0E42268F0B60057DE3A /* ProfileViewController.swift */; };
		9543C0E72268F0F10057DE3A /* LikeViewController.swift in Sources */ = {isa = PBXBuildFile; fileRef = 9543C0E62268F0F10057DE3A /* LikeViewController.swift */; };
		9543C0E92268F1390057DE3A /* PostViewController.swift in Sources */ = {isa = PBXBuildFile; fileRef = 9543C0E82268F1390057DE3A /* PostViewController.swift */; };
		9543C0EB2268F15F0057DE3A /* SearchViewController.swift in Sources */ = {isa = PBXBuildFile; fileRef = 9543C0EA2268F15F0057DE3A /* SearchViewController.swift */; };
		9543C0ED2268F16C0057DE3A /* HomeViewController.swift in Sources */ = {isa = PBXBuildFile; fileRef = 9543C0EC2268F16C0057DE3A /* HomeViewController.swift */; };
		95DAB3E32265729E009F3588 /* AppDelegate.swift in Sources */ = {isa = PBXBuildFile; fileRef = 95DAB3E22265729E009F3588 /* AppDelegate.swift */; };
		95DAB3E52265729E009F3588 /* LoginViewController.swift in Sources */ = {isa = PBXBuildFile; fileRef = 95DAB3E42265729E009F3588 /* LoginViewController.swift */; };
		95DAB3E82265729E009F3588 /* Main.storyboard in Resources */ = {isa = PBXBuildFile; fileRef = 95DAB3E62265729E009F3588 /* Main.storyboard */; };
		95DAB3EA2265729E009F3588 /* Assets.xcassets in Resources */ = {isa = PBXBuildFile; fileRef = 95DAB3E92265729E009F3588 /* Assets.xcassets */; };
		95DAB3ED2265729E009F3588 /* LaunchScreen.storyboard in Resources */ = {isa = PBXBuildFile; fileRef = 95DAB3EB2265729E009F3588 /* LaunchScreen.storyboard */; };
/* End PBXBuildFile section */

/* Begin PBXFileReference section */
		9543C0E02268F0290057DE3A /* ForgotPasswordViewController.swift */ = {isa = PBXFileReference; lastKnownFileType = sourcecode.swift; path = ForgotPasswordViewController.swift; sourceTree = "<group>"; };
		9543C0E22268F07F0057DE3A /* SignupViewController.swift */ = {isa = PBXFileReference; lastKnownFileType = sourcecode.swift; path = SignupViewController.swift; sourceTree = "<group>"; };
		9543C0E42268F0B60057DE3A /* ProfileViewController.swift */ = {isa = PBXFileReference; lastKnownFileType = sourcecode.swift; path = ProfileViewController.swift; sourceTree = "<group>"; };
		9543C0E62268F0F10057DE3A /* LikeViewController.swift */ = {isa = PBXFileReference; lastKnownFileType = sourcecode.swift; path = LikeViewController.swift; sourceTree = "<group>"; };
		9543C0E82268F1390057DE3A /* PostViewController.swift */ = {isa = PBXFileReference; lastKnownFileType = sourcecode.swift; path = PostViewController.swift; sourceTree = "<group>"; };
		9543C0EA2268F15F0057DE3A /* SearchViewController.swift */ = {isa = PBXFileReference; lastKnownFileType = sourcecode.swift; path = SearchViewController.swift; sourceTree = "<group>"; };
		9543C0EC2268F16C0057DE3A /* HomeViewController.swift */ = {isa = PBXFileReference; lastKnownFileType = sourcecode.swift; path = HomeViewController.swift; sourceTree = "<group>"; };
		95DAB3DF2265729E009F3588 /* InstaHappy.app */ = {isa = PBXFileReference; explicitFileType = wrapper.application; includeInIndex = 0; path = InstaHappy.app; sourceTree = BUILT_PRODUCTS_DIR; };
		95DAB3E22265729E009F3588 /* AppDelegate.swift */ = {isa = PBXFileReference; lastKnownFileType = sourcecode.swift; path = AppDelegate.swift; sourceTree = "<group>"; };
		95DAB3E42265729E009F3588 /* LoginViewController.swift */ = {isa = PBXFileReference; lastKnownFileType = sourcecode.swift; path = LoginViewController.swift; sourceTree = "<group>"; };
		95DAB3E72265729E009F3588 /* Base */ = {isa = PBXFileReference; lastKnownFileType = file.storyboard; name = Base; path = Base.lproj/Main.storyboard; sourceTree = "<group>"; };
		95DAB3E92265729E009F3588 /* Assets.xcassets */ = {isa = PBXFileReference; lastKnownFileType = folder.assetcatalog; path = Assets.xcassets; sourceTree = "<group>"; };
		95DAB3EC2265729E009F3588 /* Base */ = {isa = PBXFileReference; lastKnownFileType = file.storyboard; name = Base; path = Base.lproj/LaunchScreen.storyboard; sourceTree = "<group>"; };
		95DAB3EE2265729E009F3588 /* Info.plist */ = {isa = PBXFileReference; lastKnownFileType = text.plist.xml; path = Info.plist; sourceTree = "<group>"; };
/* End PBXFileReference section */

/* Begin PBXFrameworksBuildPhase section */
		95DAB3DC2265729E009F3588 /* Frameworks */ = {
			isa = PBXFrameworksBuildPhase;
			buildActionMask = 2147483647;
			files = (
			);
			runOnlyForDeploymentPostprocessing = 0;
		};
/* End PBXFrameworksBuildPhase section */

/* Begin PBXGroup section */
		9543C0DD2268DD850057DE3A /* Model */ = {
			isa = PBXGroup;
			children = (
			);
			path = Model;
			sourceTree = "<group>";
		};
		9543C0DE2268DD8F0057DE3A /* View */ = {
			isa = PBXGroup;
			children = (
				95DAB3E62265729E009F3588 /* Main.storyboard */,
			);
			path = View;
			sourceTree = "<group>";
		};
		9543C0DF2268DD9A0057DE3A /* Controller */ = {
			isa = PBXGroup;
			children = (
				95DAB3E42265729E009F3588 /* LoginViewController.swift */,
				9543C0E02268F0290057DE3A /* ForgotPasswordViewController.swift */,
				9543C0E22268F07F0057DE3A /* SignupViewController.swift */,
				9543C0E42268F0B60057DE3A /* ProfileViewController.swift */,
				9543C0E62268F0F10057DE3A /* LikeViewController.swift */,
				9543C0E82268F1390057DE3A /* PostViewController.swift */,
				9543C0EA2268F15F0057DE3A /* SearchViewController.swift */,
				9543C0EC2268F16C0057DE3A /* HomeViewController.swift */,
			);
			path = Controller;
			sourceTree = "<group>";
		};
		95DAB3D62265729E009F3588 = {
			isa = PBXGroup;
			children = (
				95DAB3E12265729E009F3588 /* InstaHappy */,
				95DAB3E02265729E009F3588 /* Products */,
			);
			sourceTree = "<group>";
		};
		95DAB3E02265729E009F3588 /* Products */ = {
			isa = PBXGroup;
			children = (
				95DAB3DF2265729E009F3588 /* InstaHappy.app */,
			);
			name = Products;
			sourceTree = "<group>";
		};
		95DAB3E12265729E009F3588 /* InstaHappy */ = {
			isa = PBXGroup;
			children = (
				9543C0DF2268DD9A0057DE3A /* Controller */,
				9543C0DE2268DD8F0057DE3A /* View */,
				9543C0DD2268DD850057DE3A /* Model */,
				95DAB3E22265729E009F3588 /* AppDelegate.swift */,
				95DAB3E92265729E009F3588 /* Assets.xcassets */,
				95DAB3EB2265729E009F3588 /* LaunchScreen.storyboard */,
				95DAB3EE2265729E009F3588 /* Info.plist */,
			);
			path = InstaHappy;
			sourceTree = "<group>";
		};
/* End PBXGroup section */

/* Begin PBXNativeTarget section */
		95DAB3DE2265729E009F3588 /* InstaHappy */ = {
			isa = PBXNativeTarget;
			buildConfigurationList = 95DAB3F12265729E009F3588 /* Build configuration list for PBXNativeTarget "InstaHappy" */;
			buildPhases = (
				95DAB3DB2265729E009F3588 /* Sources */,
				95DAB3DC2265729E009F3588 /* Frameworks */,
				95DAB3DD2265729E009F3588 /* Resources */,
			);
			buildRules = (
			);
			dependencies = (
			);
			name = InstaHappy;
			productName = InstaHappy;
			productReference = 95DAB3DF2265729E009F3588 /* InstaHappy.app */;
			productType = "com.apple.product-type.application";
		};
/* End PBXNativeTarget section */

/* Begin PBXProject section */
		95DAB3D72265729E009F3588 /* Project object */ = {
			isa = PBXProject;
			attributes = {
				LastSwiftUpdateCheck = 1020;
				LastUpgradeCheck = 1020;
				ORGANIZATIONNAME = Zed;
				TargetAttributes = {
					95DAB3DE2265729E009F3588 = {
						CreatedOnToolsVersion = 10.2;
					};
				};
			};
			buildConfigurationList = 95DAB3DA2265729E009F3588 /* Build configuration list for PBXProject "InstaHappy" */;
			compatibilityVersion = "Xcode 9.3";
			developmentRegion = en;
			hasScannedForEncodings = 0;
			knownRegions = (
				en,
				Base,
			);
			mainGroup = 95DAB3D62265729E009F3588;
			productRefGroup = 95DAB3E02265729E009F3588 /* Products */;
			projectDirPath = "";
			projectRoot = "";
			targets = (
				95DAB3DE2265729E009F3588 /* InstaHappy */,
			);
		};
/* End PBXProject section */

/* Begin PBXResourcesBuildPhase section */
		95DAB3DD2265729E009F3588 /* Resources */ = {
			isa = PBXResourcesBuildPhase;
			buildActionMask = 2147483647;
			files = (
				95DAB3ED2265729E009F3588 /* LaunchScreen.storyboard in Resources */,
				95DAB3EA2265729E009F3588 /* Assets.xcassets in Resources */,
				95DAB3E82265729E009F3588 /* Main.storyboard in Resources */,
			);
			runOnlyForDeploymentPostprocessing = 0;
		};
/* End PBXResourcesBuildPhase section */

/* Begin PBXSourcesBuildPhase section */
		95DAB3DB2265729E009F3588 /* Sources */ = {
			isa = PBXSourcesBuildPhase;
			buildActionMask = 2147483647;
			files = (
				95DAB3E52265729E009F3588 /* LoginViewController.swift in Sources */,
				95DAB3E32265729E009F3588 /* AppDelegate.swift in Sources */,
				9543C0EB2268F15F0057DE3A /* SearchViewController.swift in Sources */,
				9543C0E92268F1390057DE3A /* PostViewController.swift in Sources */,
				9543C0E52268F0B60057DE3A /* ProfileViewController.swift in Sources */,
				9543C0ED2268F16C0057DE3A /* HomeViewController.swift in Sources */,
				9543C0E32268F07F0057DE3A /* SignupViewController.swift in Sources */,
				9543C0E12268F0290057DE3A /* ForgotPasswordViewController.swift in Sources */,
				9543C0E72268F0F10057DE3A /* LikeViewController.swift in Sources */,
			);
			runOnlyForDeploymentPostprocessing = 0;
		};
/* End PBXSourcesBuildPhase section */

/* Begin PBXVariantGroup section */
		95DAB3E62265729E009F3588 /* Main.storyboard */ = {
			isa = PBXVariantGroup;
			children = (
				95DAB3E72265729E009F3588 /* Base */,
			);
			name = Main.storyboard;
			sourceTree = "<group>";
		};
		95DAB3EB2265729E009F3588 /* LaunchScreen.storyboard */ = {
			isa = PBXVariantGroup;
			children = (
				95DAB3EC2265729E009F3588 /* Base */,
			);
			name = LaunchScreen.storyboard;
			sourceTree = "<group>";
		};
/* End PBXVariantGroup section */

/* Begin XCBuildConfiguration section */
		95DAB3EF2265729E009F3588 /* Debug */ = {
			isa = XCBuildConfiguration;
			buildSettings = {
				ALWAYS_SEARCH_USER_PATHS = NO;
				CLANG_ANALYZER_NONNULL = YES;
				CLANG_ANALYZER_NUMBER_OBJECT_CONVERSION = YES_AGGRESSIVE;
				CLANG_CXX_LANGUAGE_STANDARD = "gnu++14";
				CLANG_CXX_LIBRARY = "libc++";
				CLANG_ENABLE_MODULES = YES;
				CLANG_ENABLE_OBJC_ARC = YES;
				CLANG_ENABLE_OBJC_WEAK = YES;
				CLANG_WARN_BLOCK_CAPTURE_AUTORELEASING = YES;
				CLANG_WARN_BOOL_CONVERSION = YES;
				CLANG_WARN_COMMA = YES;
				CLANG_WARN_CONSTANT_CONVERSION = YES;
				CLANG_WARN_DEPRECATED_OBJC_IMPLEMENTATIONS = YES;
				CLANG_WARN_DIRECT_OBJC_ISA_USAGE = YES_ERROR;
				CLANG_WARN_DOCUMENTATION_COMMENTS = YES;
				CLANG_WARN_EMPTY_BODY = YES;
				CLANG_WARN_ENUM_CONVERSION = YES;
				CLANG_WARN_INFINITE_RECURSION = YES;
				CLANG_WARN_INT_CONVERSION = YES;
				CLANG_WARN_NON_LITERAL_NULL_CONVERSION = YES;
				CLANG_WARN_OBJC_IMPLICIT_RETAIN_SELF = YES;
				CLANG_WARN_OBJC_LITERAL_CONVERSION = YES;
				CLANG_WARN_OBJC_ROOT_CLASS = YES_ERROR;
				CLANG_WARN_RANGE_LOOP_ANALYSIS = YES;
				CLANG_WARN_STRICT_PROTOTYPES = YES;
				CLANG_WARN_SUSPICIOUS_MOVE = YES;
				CLANG_WARN_UNGUARDED_AVAILABILITY = YES_AGGRESSIVE;
				CLANG_WARN_UNREACHABLE_CODE = YES;
				CLANG_WARN__DUPLICATE_METHOD_MATCH = YES;
				CODE_SIGN_IDENTITY = "iPhone Developer";
				COPY_PHASE_STRIP = NO;
				DEBUG_INFORMATION_FORMAT = dwarf;
				ENABLE_STRICT_OBJC_MSGSEND = YES;
				ENABLE_TESTABILITY = YES;
				GCC_C_LANGUAGE_STANDARD = gnu11;
				GCC_DYNAMIC_NO_PIC = NO;
				GCC_NO_COMMON_BLOCKS = YES;
				GCC_OPTIMIZATION_LEVEL = 0;
				GCC_PREPROCESSOR_DEFINITIONS = (
					"DEBUG=1",
					"$(inherited)",
				);
				GCC_WARN_64_TO_32_BIT_CONVERSION = YES;
				GCC_WARN_ABOUT_RETURN_TYPE = YES_ERROR;
				GCC_WARN_UNDECLARED_SELECTOR = YES;
				GCC_WARN_UNINITIALIZED_AUTOS = YES_AGGRESSIVE;
				GCC_WARN_UNUSED_FUNCTION = YES;
				GCC_WARN_UNUSED_VARIABLE = YES;
				IPHONEOS_DEPLOYMENT_TARGET = 12.2;
				MTL_ENABLE_DEBUG_INFO = INCLUDE_SOURCE;
				MTL_FAST_MATH = YES;
				ONLY_ACTIVE_ARCH = YES;
				SDKROOT = iphoneos;
				SWIFT_ACTIVE_COMPILATION_CONDITIONS = DEBUG;
				SWIFT_OPTIMIZATION_LEVEL = "-Onone";
			};
			name = Debug;
		};
		95DAB3F02265729E009F3588 /* Release */ = {
			isa = XCBuildConfiguration;
			buildSettings = {
				ALWAYS_SEARCH_USER_PATHS = NO;
				CLANG_ANALYZER_NONNULL = YES;
				CLANG_ANALYZER_NUMBER_OBJECT_CONVERSION = YES_AGGRESSIVE;
				CLANG_CXX_LANGUAGE_STANDARD = "gnu++14";
				CLANG_CXX_LIBRARY = "libc++";
				CLANG_ENABLE_MODULES = YES;
				CLANG_ENABLE_OBJC_ARC = YES;
				CLANG_ENABLE_OBJC_WEAK = YES;
				CLANG_WARN_BLOCK_CAPTURE_AUTORELEASING = YES;
				CLANG_WARN_BOOL_CONVERSION = YES;
				CLANG_WARN_COMMA = YES;
				CLANG_WARN_CONSTANT_CONVERSION = YES;
				CLANG_WARN_DEPRECATED_OBJC_IMPLEMENTATIONS = YES;
				CLANG_WARN_DIRECT_OBJC_ISA_USAGE = YES_ERROR;
				CLANG_WARN_DOCUMENTATION_COMMENTS = YES;
				CLANG_WARN_EMPTY_BODY = YES;
				CLANG_WARN_ENUM_CONVERSION = YES;
				CLANG_WARN_INFINITE_RECURSION = YES;
				CLANG_WARN_INT_CONVERSION = YES;
				CLANG_WARN_NON_LITERAL_NULL_CONVERSION = YES;
				CLANG_WARN_OBJC_IMPLICIT_RETAIN_SELF = YES;
				CLANG_WARN_OBJC_LITERAL_CONVERSION = YES;
				CLANG_WARN_OBJC_ROOT_CLASS = YES_ERROR;
				CLANG_WARN_RANGE_LOOP_ANALYSIS = YES;
				CLANG_WARN_STRICT_PROTOTYPES = YES;
				CLANG_WARN_SUSPICIOUS_MOVE = YES;
				CLANG_WARN_UNGUARDED_AVAILABILITY = YES_AGGRESSIVE;
				CLANG_WARN_UNREACHABLE_CODE = YES;
				CLANG_WARN__DUPLICATE_METHOD_MATCH = YES;
				CODE_SIGN_IDENTITY = "iPhone Developer";
				COPY_PHASE_STRIP = NO;
				DEBUG_INFORMATION_FORMAT = "dwarf-with-dsym";
				ENABLE_NS_ASSERTIONS = NO;
				ENABLE_STRICT_OBJC_MSGSEND = YES;
				GCC_C_LANGUAGE_STANDARD = gnu11;
				GCC_NO_COMMON_BLOCKS = YES;
				GCC_WARN_64_TO_32_BIT_CONVERSION = YES;
				GCC_WARN_ABOUT_RETURN_TYPE = YES_ERROR;
				GCC_WARN_UNDECLARED_SELECTOR = YES;
				GCC_WARN_UNINITIALIZED_AUTOS = YES_AGGRESSIVE;
				GCC_WARN_UNUSED_FUNCTION = YES;
				GCC_WARN_UNUSED_VARIABLE = YES;
				IPHONEOS_DEPLOYMENT_TARGET = 12.2;
				MTL_ENABLE_DEBUG_INFO = NO;
				MTL_FAST_MATH = YES;
				SDKROOT = iphoneos;
				SWIFT_COMPILATION_MODE = wholemodule;
				SWIFT_OPTIMIZATION_LEVEL = "-O";
				VALIDATE_PRODUCT = YES;
			};
			name = Release;
		};
		95DAB3F22265729E009F3588 /* Debug */ = {
			isa = XCBuildConfiguration;
			buildSettings = {
				ASSETCATALOG_COMPILER_APPICON_NAME = AppIcon;
				CODE_SIGN_STYLE = Automatic;
				INFOPLIST_FILE = InstaHappy/Info.plist;
				LD_RUNPATH_SEARCH_PATHS = (
					"$(inherited)",
					"@executable_path/Frameworks",
				);
				PRODUCT_BUNDLE_IDENTIFIER = ZedYeung.InstaHappy;
				PRODUCT_NAME = "$(TARGET_NAME)";
				SWIFT_VERSION = 5.0;
				TARGETED_DEVICE_FAMILY = "1,2";
			};
			name = Debug;
		};
		95DAB3F32265729E009F3588 /* Release */ = {
			isa = XCBuildConfiguration;
			buildSettings = {
				ASSETCATALOG_COMPILER_APPICON_NAME = AppIcon;
				CODE_SIGN_STYLE = Automatic;
				INFOPLIST_FILE = InstaHappy/Info.plist;
				LD_RUNPATH_SEARCH_PATHS = (
					"$(inherited)",
					"@executable_path/Frameworks",
				);
				PRODUCT_BUNDLE_IDENTIFIER = ZedYeung.InstaHappy;
				PRODUCT_NAME = "$(TARGET_NAME)";
				SWIFT_VERSION = 5.0;
				TARGETED_DEVICE_FAMILY = "1,2";
			};
			name = Release;
		};
/* End XCBuildConfiguration section */

/* Begin XCConfigurationList section */
		95DAB3DA2265729E009F3588 /* Build configuration list for PBXProject "InstaHappy" */ = {
			isa = XCConfigurationList;
			buildConfigurations = (
				95DAB3EF2265729E009F3588 /* Debug */,
				95DAB3F02265729E009F3588 /* Release */,
			);
			defaultConfigurationIsVisible = 0;
			defaultConfigurationName = Release;
		};
		95DAB3F12265729E009F3588 /* Build configuration list for PBXNativeTarget "InstaHappy" */ = {
			isa = XCConfigurationList;
			buildConfigurations = (
				95DAB3F22265729E009F3588 /* Debug */,
				95DAB3F32265729E009F3588 /* Release */,
			);
			defaultConfigurationIsVisible = 0;
			defaultConfigurationName = Release;
		};
/* End XCConfigurationList section */
	};
	rootObject = 95DAB3D72265729E009F3588 /* Project object */;
}
